// !$*UTF8*$!
{
	archiveVersion = 1;
	classes = {
	};
	objectVersion = 50;
	objects = {

/* Begin PBXBuildFile section */
		320EB667267E5418007C8872 /* audiogameApp.swift in Sources */ = {isa = PBXBuildFile; fileRef = 320EB666267E5418007C8872 /* audiogameApp.swift */; };
		320EB669267E5418007C8872 /* ContentView.swift in Sources */ = {isa = PBXBuildFile; fileRef = 320EB668267E5418007C8872 /* ContentView.swift */; };
		320EB66B267E541A007C8872 /* Assets.xcassets in Resources */ = {isa = PBXBuildFile; fileRef = 320EB66A267E541A007C8872 /* Assets.xcassets */; };
		320EB66E267E541A007C8872 /* Preview Assets.xcassets in Resources */ = {isa = PBXBuildFile; fileRef = 320EB66D267E541A007C8872 /* Preview Assets.xcassets */; };
		320EB676267E544F007C8872 /* Game.swift in Sources */ = {isa = PBXBuildFile; fileRef = 320EB675267E544F007C8872 /* Game.swift */; };
		32827F7F267FB4AA0036CB62 /* SoundObject.swift in Sources */ = {isa = PBXBuildFile; fileRef = 32827F7E267FB4AA0036CB62 /* SoundObject.swift */; };
		32827F81267FB9A90036CB62 /* sounds in Resources */ = {isa = PBXBuildFile; fileRef = 32827F80267FB9A90036CB62 /* sounds */; };
		32ECB0122680E80100EA779E /* Location.swift in Sources */ = {isa = PBXBuildFile; fileRef = 32ECB0112680E80100EA779E /* Location.swift */; };
		32F9274726813D26001610C6 /* utils.swift in Sources */ = {isa = PBXBuildFile; fileRef = 32F9274626813D26001610C6 /* utils.swift */; };
		32F9274926814916001610C6 /* SoundService.swift in Sources */ = {isa = PBXBuildFile; fileRef = 32F9274826814916001610C6 /* SoundService.swift */; };
/* End PBXBuildFile section */

/* Begin PBXFileReference section */
		320EB663267E5418007C8872 /* audiogame.app */ = {isa = PBXFileReference; explicitFileType = wrapper.application; includeInIndex = 0; path = audiogame.app; sourceTree = BUILT_PRODUCTS_DIR; };
		320EB666267E5418007C8872 /* audiogameApp.swift */ = {isa = PBXFileReference; lastKnownFileType = sourcecode.swift; path = audiogameApp.swift; sourceTree = "<group>"; };
		320EB668267E5418007C8872 /* ContentView.swift */ = {isa = PBXFileReference; lastKnownFileType = sourcecode.swift; path = ContentView.swift; sourceTree = "<group>"; };
		320EB66A267E541A007C8872 /* Assets.xcassets */ = {isa = PBXFileReference; lastKnownFileType = folder.assetcatalog; path = Assets.xcassets; sourceTree = "<group>"; };
		320EB66D267E541A007C8872 /* Preview Assets.xcassets */ = {isa = PBXFileReference; lastKnownFileType = folder.assetcatalog; path = "Preview Assets.xcassets"; sourceTree = "<group>"; };
		320EB66F267E541A007C8872 /* Info.plist */ = {isa = PBXFileReference; lastKnownFileType = text.plist.xml; path = Info.plist; sourceTree = "<group>"; };
		320EB675267E544F007C8872 /* Game.swift */ = {isa = PBXFileReference; lastKnownFileType = sourcecode.swift; path = Game.swift; sourceTree = "<group>"; };
		32827F7E267FB4AA0036CB62 /* SoundObject.swift */ = {isa = PBXFileReference; lastKnownFileType = sourcecode.swift; path = SoundObject.swift; sourceTree = "<group>"; };
		32827F80267FB9A90036CB62 /* sounds */ = {isa = PBXFileReference; lastKnownFileType = folder; path = sounds; sourceTree = "<group>"; };
		32ECB0112680E80100EA779E /* Location.swift */ = {isa = PBXFileReference; lastKnownFileType = sourcecode.swift; path = Location.swift; sourceTree = "<group>"; };
		32F9274626813D26001610C6 /* utils.swift */ = {isa = PBXFileReference; lastKnownFileType = sourcecode.swift; path = utils.swift; sourceTree = "<group>"; };
		32F9274826814916001610C6 /* SoundService.swift */ = {isa = PBXFileReference; lastKnownFileType = sourcecode.swift; path = SoundService.swift; sourceTree = "<group>"; };
/* End PBXFileReference section */

/* Begin PBXFrameworksBuildPhase section */
		320EB660267E5418007C8872 /* Frameworks */ = {
			isa = PBXFrameworksBuildPhase;
			buildActionMask = 2147483647;
			files = (
			);
			runOnlyForDeploymentPostprocessing = 0;
		};
/* End PBXFrameworksBuildPhase section */

/* Begin PBXGroup section */
		320EB65A267E5418007C8872 = {
			isa = PBXGroup;
			children = (
				320EB665267E5418007C8872 /* audiogame */,
				320EB664267E5418007C8872 /* Products */,
			);
			sourceTree = "<group>";
		};
		320EB664267E5418007C8872 /* Products */ = {
			isa = PBXGroup;
			children = (
				320EB663267E5418007C8872 /* audiogame.app */,
			);
			name = Products;
			sourceTree = "<group>";
		};
		320EB665267E5418007C8872 /* audiogame */ = {
			isa = PBXGroup;
			children = (
				32827F80267FB9A90036CB62 /* sounds */,
				320EB666267E5418007C8872 /* audiogameApp.swift */,
				320EB668267E5418007C8872 /* ContentView.swift */,
				320EB66A267E541A007C8872 /* Assets.xcassets */,
				320EB66F267E541A007C8872 /* Info.plist */,
				320EB66C267E541A007C8872 /* Preview Content */,
				320EB675267E544F007C8872 /* Game.swift */,
				32827F7E267FB4AA0036CB62 /* SoundObject.swift */,
				32ECB0112680E80100EA779E /* Location.swift */,
				32F9274626813D26001610C6 /* utils.swift */,
				32F9274826814916001610C6 /* SoundService.swift */,
			);
			path = audiogame;
			sourceTree = "<group>";
		};
		320EB66C267E541A007C8872 /* Preview Content */ = {
			isa = PBXGroup;
			children = (
				320EB66D267E541A007C8872 /* Preview Assets.xcassets */,
			);
			path = "Preview Content";
			sourceTree = "<group>";
		};
/* End PBXGroup section */

/* Begin PBXNativeTarget section */
		320EB662267E5418007C8872 /* audiogame */ = {
			isa = PBXNativeTarget;
			buildConfigurationList = 320EB672267E541A007C8872 /* Build configuration list for PBXNativeTarget "audiogame" */;
			buildPhases = (
				320EB65F267E5418007C8872 /* Sources */,
				320EB660267E5418007C8872 /* Frameworks */,
				320EB661267E5418007C8872 /* Resources */,
			);
			buildRules = (
			);
			dependencies = (
			);
			name = audiogame;
			productName = audiogame;
			productReference = 320EB663267E5418007C8872 /* audiogame.app */;
			productType = "com.apple.product-type.application";
		};
/* End PBXNativeTarget section */

/* Begin PBXProject section */
		320EB65B267E5418007C8872 /* Project object */ = {
			isa = PBXProject;
			attributes = {
				LastSwiftUpdateCheck = 1250;
				LastUpgradeCheck = 1250;
				TargetAttributes = {
					320EB662267E5418007C8872 = {
						CreatedOnToolsVersion = 12.5;
					};
				};
			};
			buildConfigurationList = 320EB65E267E5418007C8872 /* Build configuration list for PBXProject "audiogame" */;
			compatibilityVersion = "Xcode 9.3";
			developmentRegion = en;
			hasScannedForEncodings = 0;
			knownRegions = (
				en,
				Base,
			);
			mainGroup = 320EB65A267E5418007C8872;
			productRefGroup = 320EB664267E5418007C8872 /* Products */;
			projectDirPath = "";
			projectRoot = "";
			targets = (
				320EB662267E5418007C8872 /* audiogame */,
			);
		};
/* End PBXProject section */

/* Begin PBXResourcesBuildPhase section */
		320EB661267E5418007C8872 /* Resources */ = {
			isa = PBXResourcesBuildPhase;
			buildActionMask = 2147483647;
			files = (
				320EB66E267E541A007C8872 /* Preview Assets.xcassets in Resources */,
				320EB66B267E541A007C8872 /* Assets.xcassets in Resources */,
				32827F81267FB9A90036CB62 /* sounds in Resources */,
			);
			runOnlyForDeploymentPostprocessing = 0;
		};
/* End PBXResourcesBuildPhase section */

/* Begin PBXSourcesBuildPhase section */
		320EB65F267E5418007C8872 /* Sources */ = {
			isa = PBXSourcesBuildPhase;
			buildActionMask = 2147483647;
			files = (
				32827F7F267FB4AA0036CB62 /* SoundObject.swift in Sources */,
				320EB676267E544F007C8872 /* Game.swift in Sources */,
				32F9274926814916001610C6 /* SoundService.swift in Sources */,
				32ECB0122680E80100EA779E /* Location.swift in Sources */,
				32F9274726813D26001610C6 /* utils.swift in Sources */,
				320EB669267E5418007C8872 /* ContentView.swift in Sources */,
				320EB667267E5418007C8872 /* audiogameApp.swift in Sources */,
			);
			runOnlyForDeploymentPostprocessing = 0;
		};
/* End PBXSourcesBuildPhase section */

/* Begin XCBuildConfiguration section */
		320EB670267E541A007C8872 /* Debug */ = {
			isa = XCBuildConfiguration;
			buildSettings = {
				ALWAYS_SEARCH_USER_PATHS = NO;
				CLANG_ANALYZER_NONNULL = YES;
				CLANG_ANALYZER_NUMBER_OBJECT_CONVERSION = YES_AGGRESSIVE;
				CLANG_CXX_LANGUAGE_STANDARD = "gnu++14";
				CLANG_CXX_LIBRARY = "libc++";
				CLANG_ENABLE_MODULES = YES;
				CLANG_ENABLE_OBJC_ARC = YES;
				CLANG_ENABLE_OBJC_WEAK = YES;
				CLANG_WARN_BLOCK_CAPTURE_AUTORELEASING = YES;
				CLANG_WARN_BOOL_CONVERSION = YES;
				CLANG_WARN_COMMA = YES;
				CLANG_WARN_CONSTANT_CONVERSION = YES;
				CLANG_WARN_DEPRECATED_OBJC_IMPLEMENTATIONS = YES;
				CLANG_WARN_DIRECT_OBJC_ISA_USAGE = YES_ERROR;
				CLANG_WARN_DOCUMENTATION_COMMENTS = YES;
				CLANG_WARN_EMPTY_BODY = YES;
				CLANG_WARN_ENUM_CONVERSION = YES;
				CLANG_WARN_INFINITE_RECURSION = YES;
				CLANG_WARN_INT_CONVERSION = YES;
				CLANG_WARN_NON_LITERAL_NULL_CONVERSION = YES;
				CLANG_WARN_OBJC_IMPLICIT_RETAIN_SELF = YES;
				CLANG_WARN_OBJC_LITERAL_CONVERSION = YES;
				CLANG_WARN_OBJC_ROOT_CLASS = YES_ERROR;
				CLANG_WARN_QUOTED_INCLUDE_IN_FRAMEWORK_HEADER = YES;
				CLANG_WARN_RANGE_LOOP_ANALYSIS = YES;
				CLANG_WARN_STRICT_PROTOTYPES = YES;
				CLANG_WARN_SUSPICIOUS_MOVE = YES;
				CLANG_WARN_UNGUARDED_AVAILABILITY = YES_AGGRESSIVE;
				CLANG_WARN_UNREACHABLE_CODE = YES;
				CLANG_WARN__DUPLICATE_METHOD_MATCH = YES;
				COPY_PHASE_STRIP = NO;
				DEBUG_INFORMATION_FORMAT = dwarf;
				ENABLE_STRICT_OBJC_MSGSEND = YES;
				ENABLE_TESTABILITY = YES;
				GCC_C_LANGUAGE_STANDARD = gnu11;
				GCC_DYNAMIC_NO_PIC = NO;
				GCC_NO_COMMON_BLOCKS = YES;
				GCC_OPTIMIZATION_LEVEL = 0;
				GCC_PREPROCESSOR_DEFINITIONS = (
					"DEBUG=1",
					"$(inherited)",
				);
				GCC_WARN_64_TO_32_BIT_CONVERSION = YES;
				GCC_WARN_ABOUT_RETURN_TYPE = YES_ERROR;
				GCC_WARN_UNDECLARED_SELECTOR = YES;
				GCC_WARN_UNINITIALIZED_AUTOS = YES_AGGRESSIVE;
				GCC_WARN_UNUSED_FUNCTION = YES;
				GCC_WARN_UNUSED_VARIABLE = YES;
				IPHONEOS_DEPLOYMENT_TARGET = 14.5;
				MTL_ENABLE_DEBUG_INFO = INCLUDE_SOURCE;
				MTL_FAST_MATH = YES;
				ONLY_ACTIVE_ARCH = YES;
				SDKROOT = iphoneos;
				SWIFT_ACTIVE_COMPILATION_CONDITIONS = DEBUG;
				SWIFT_OPTIMIZATION_LEVEL = "-Onone";
			};
			name = Debug;
		};
		320EB671267E541A007C8872 /* Release */ = {
			isa = XCBuildConfiguration;
			buildSettings = {
				ALWAYS_SEARCH_USER_PATHS = NO;
				CLANG_ANALYZER_NONNULL = YES;
				CLANG_ANALYZER_NUMBER_OBJECT_CONVERSION = YES_AGGRESSIVE;
				CLANG_CXX_LANGUAGE_STANDARD = "gnu++14";
				CLANG_CXX_LIBRARY = "libc++";
				CLANG_ENABLE_MODULES = YES;
				CLANG_ENABLE_OBJC_ARC = YES;
				CLANG_ENABLE_OBJC_WEAK = YES;
				CLANG_WARN_BLOCK_CAPTURE_AUTORELEASING = YES;
				CLANG_WARN_BOOL_CONVERSION = YES;
				CLANG_WARN_COMMA = YES;
				CLANG_WARN_CONSTANT_CONVERSION = YES;
				CLANG_WARN_DEPRECATED_OBJC_IMPLEMENTATIONS = YES;
				CLANG_WARN_DIRECT_OBJC_ISA_USAGE = YES_ERROR;
				CLANG_WARN_DOCUMENTATION_COMMENTS = YES;
				CLANG_WARN_EMPTY_BODY = YES;
				CLANG_WARN_ENUM_CONVERSION = YES;
				CLANG_WARN_INFINITE_RECURSION = YES;
				CLANG_WARN_INT_CONVERSION = YES;
				CLANG_WARN_NON_LITERAL_NULL_CONVERSION = YES;
				CLANG_WARN_OBJC_IMPLICIT_RETAIN_SELF = YES;
				CLANG_WARN_OBJC_LITERAL_CONVERSION = YES;
				CLANG_WARN_OBJC_ROOT_CLASS = YES_ERROR;
				CLANG_WARN_QUOTED_INCLUDE_IN_FRAMEWORK_HEADER = YES;
				CLANG_WARN_RANGE_LOOP_ANALYSIS = YES;
				CLANG_WARN_STRICT_PROTOTYPES = YES;
				CLANG_WARN_SUSPICIOUS_MOVE = YES;
				CLANG_WARN_UNGUARDED_AVAILABILITY = YES_AGGRESSIVE;
				CLANG_WARN_UNREACHABLE_CODE = YES;
				CLANG_WARN__DUPLICATE_METHOD_MATCH = YES;
				COPY_PHASE_STRIP = NO;
				DEBUG_INFORMATION_FORMAT = "dwarf-with-dsym";
				ENABLE_NS_ASSERTIONS = NO;
				ENABLE_STRICT_OBJC_MSGSEND = YES;
				GCC_C_LANGUAGE_STANDARD = gnu11;
				GCC_NO_COMMON_BLOCKS = YES;
				GCC_WARN_64_TO_32_BIT_CONVERSION = YES;
				GCC_WARN_ABOUT_RETURN_TYPE = YES_ERROR;
				GCC_WARN_UNDECLARED_SELECTOR = YES;
				GCC_WARN_UNINITIALIZED_AUTOS = YES_AGGRESSIVE;
				GCC_WARN_UNUSED_FUNCTION = YES;
				GCC_WARN_UNUSED_VARIABLE = YES;
				IPHONEOS_DEPLOYMENT_TARGET = 14.5;
				MTL_ENABLE_DEBUG_INFO = NO;
				MTL_FAST_MATH = YES;
				SDKROOT = iphoneos;
				SWIFT_COMPILATION_MODE = wholemodule;
				SWIFT_OPTIMIZATION_LEVEL = "-O";
				VALIDATE_PRODUCT = YES;
			};
			name = Release;
		};
		320EB673267E541A007C8872 /* Debug */ = {
			isa = XCBuildConfiguration;
			buildSettings = {
				ASSETCATALOG_COMPILER_APPICON_NAME = AppIcon;
				ASSETCATALOG_COMPILER_GLOBAL_ACCENT_COLOR_NAME = AccentColor;
				CODE_SIGN_STYLE = Automatic;
				DEVELOPMENT_ASSET_PATHS = "\"audiogame/Preview Content\"";
				DEVELOPMENT_TEAM = 4RT84M99N4;
				ENABLE_PREVIEWS = YES;
				INFOPLIST_FILE = audiogame/Info.plist;
				IPHONEOS_DEPLOYMENT_TARGET = 14.0;
				LD_RUNPATH_SEARCH_PATHS = (
					"$(inherited)",
					"@executable_path/Frameworks",
				);
				PRODUCT_BUNDLE_IDENTIFIER = beer.robin.audiogame;
				PRODUCT_NAME = "$(TARGET_NAME)";
				SWIFT_VERSION = 5.0;
				TARGETED_DEVICE_FAMILY = "1,2";
			};
			name = Debug;
		};
		320EB674267E541A007C8872 /* Release */ = {
			isa = XCBuildConfiguration;
			buildSettings = {
				ASSETCATALOG_COMPILER_APPICON_NAME = AppIcon;
				ASSETCATALOG_COMPILER_GLOBAL_ACCENT_COLOR_NAME = AccentColor;
				CODE_SIGN_STYLE = Automatic;
				DEVELOPMENT_ASSET_PATHS = "\"audiogame/Preview Content\"";
				DEVELOPMENT_TEAM = 4RT84M99N4;
				ENABLE_PREVIEWS = YES;
				INFOPLIST_FILE = audiogame/Info.plist;
				IPHONEOS_DEPLOYMENT_TARGET = 14.0;
				LD_RUNPATH_SEARCH_PATHS = (
					"$(inherited)",
					"@executable_path/Frameworks",
				);
				PRODUCT_BUNDLE_IDENTIFIER = beer.robin.audiogame;
				PRODUCT_NAME = "$(TARGET_NAME)";
				SWIFT_VERSION = 5.0;
				TARGETED_DEVICE_FAMILY = "1,2";
			};
			name = Release;
		};
/* End XCBuildConfiguration section */

/* Begin XCConfigurationList section */
		320EB65E267E5418007C8872 /* Build configuration list for PBXProject "audiogame" */ = {
			isa = XCConfigurationList;
			buildConfigurations = (
				320EB670267E541A007C8872 /* Debug */,
				320EB671267E541A007C8872 /* Release */,
			);
			defaultConfigurationIsVisible = 0;
			defaultConfigurationName = Release;
		};
		320EB672267E541A007C8872 /* Build configuration list for PBXNativeTarget "audiogame" */ = {
			isa = XCConfigurationList;
			buildConfigurations = (
				320EB673267E541A007C8872 /* Debug */,
				320EB674267E541A007C8872 /* Release */,
			);
			defaultConfigurationIsVisible = 0;
			defaultConfigurationName = Release;
		};
/* End XCConfigurationList section */
	};
	rootObject = 320EB65B267E5418007C8872 /* Project object */;
}
